// !$*UTF8*$!
{
	archiveVersion = 1;
	classes = {
	};
	objectVersion = 46;
	objects = {

/* Begin PBXBuildFile section */
		123EA6E629E43D2C6E7C80EF /* Pods.framework in Frameworks */ = {isa = PBXBuildFile; fileRef = A9CA539664FA42EF46923E67 /* Pods.framework */; };
		530FDA7E1C48A0D5004011B2 /* AppDelegate.swift in Sources */ = {isa = PBXBuildFile; fileRef = 530FDA7D1C48A0D5004011B2 /* AppDelegate.swift */; };
		530FDA851C48A0D5004011B2 /* Assets.xcassets in Resources */ = {isa = PBXBuildFile; fileRef = 530FDA841C48A0D5004011B2 /* Assets.xcassets */; };
		530FDA881C48A0D5004011B2 /* LaunchScreen.storyboard in Resources */ = {isa = PBXBuildFile; fileRef = 530FDA861C48A0D5004011B2 /* LaunchScreen.storyboard */; };
		530FDAF01C48C80C004011B2 /* STService.swift in Sources */ = {isa = PBXBuildFile; fileRef = 530FDAEF1C48C80C004011B2 /* STService.swift */; };
		5339055A1C50B8FA0071E97D /* STUserDefaults.swift in Sources */ = {isa = PBXBuildFile; fileRef = 533905591C50B8FA0071E97D /* STUserDefaults.swift */; };
		5339055C1C50BC070071E97D /* STNotification.swift in Sources */ = {isa = PBXBuildFile; fileRef = 5339055B1C50BC070071E97D /* STNotification.swift */; };
		533905631C5201130071E97D /* STNetWorkRequestData.swift in Sources */ = {isa = PBXBuildFile; fileRef = 533905621C5201130071E97D /* STNetWorkRequestData.swift */; };
		533905691C5205410071E97D /* STUserViewController.swift in Sources */ = {isa = PBXBuildFile; fileRef = 533905671C5205410071E97D /* STUserViewController.swift */; };
		5339056A1C5205410071E97D /* STUserViewController.xib in Resources */ = {isa = PBXBuildFile; fileRef = 533905681C5205410071E97D /* STUserViewController.xib */; };
		5339056C1C5222400071E97D /* STColor.swift in Sources */ = {isa = PBXBuildFile; fileRef = 5339056B1C5222400071E97D /* STColor.swift */; };
		5339056E1C5237170071E97D /* STUser.swift in Sources */ = {isa = PBXBuildFile; fileRef = 5339056D1C5237170071E97D /* STUser.swift */; };
		53B7FE741C4F453200DFEE14 /* STBasicViewController.swift in Sources */ = {isa = PBXBuildFile; fileRef = 53B7FE731C4F453200DFEE14 /* STBasicViewController.swift */; };
		53B7FE791C4F506C00DFEE14 /* STMainViewController.swift in Sources */ = {isa = PBXBuildFile; fileRef = 53B7FE771C4F506C00DFEE14 /* STMainViewController.swift */; };
		53B7FE7A1C4F506C00DFEE14 /* STMainViewController.xib in Resources */ = {isa = PBXBuildFile; fileRef = 53B7FE781C4F506C00DFEE14 /* STMainViewController.xib */; };
		53B7FE881C4F665700DFEE14 /* STNetWork.swift in Sources */ = {isa = PBXBuildFile; fileRef = 53B7FE871C4F665700DFEE14 /* STNetWork.swift */; };
/* End PBXBuildFile section */

/* Begin PBXFileReference section */
		3A1E02C7F3903B001BCD0A10 /* Pods.release.xcconfig */ = {isa = PBXFileReference; includeInIndex = 1; lastKnownFileType = text.xcconfig; name = Pods.release.xcconfig; path = "Pods/Target Support Files/Pods/Pods.release.xcconfig"; sourceTree = "<group>"; };
		530FDA7A1C48A0D5004011B2 /* Javis.app */ = {isa = PBXFileReference; explicitFileType = wrapper.application; includeInIndex = 0; path = Javis.app; sourceTree = BUILT_PRODUCTS_DIR; };
		530FDA7D1C48A0D5004011B2 /* AppDelegate.swift */ = {isa = PBXFileReference; lastKnownFileType = sourcecode.swift; path = AppDelegate.swift; sourceTree = "<group>"; };
		530FDA841C48A0D5004011B2 /* Assets.xcassets */ = {isa = PBXFileReference; lastKnownFileType = folder.assetcatalog; path = Assets.xcassets; sourceTree = "<group>"; };
		530FDA871C48A0D5004011B2 /* Base */ = {isa = PBXFileReference; lastKnownFileType = file.storyboard; name = Base; path = Base.lproj/LaunchScreen.storyboard; sourceTree = "<group>"; };
		530FDA891C48A0D5004011B2 /* Info.plist */ = {isa = PBXFileReference; lastKnownFileType = text.plist.xml; path = Info.plist; sourceTree = "<group>"; };
		530FDAEF1C48C80C004011B2 /* STService.swift */ = {isa = PBXFileReference; fileEncoding = 4; lastKnownFileType = sourcecode.swift; path = STService.swift; sourceTree = "<group>"; };
		533905591C50B8FA0071E97D /* STUserDefaults.swift */ = {isa = PBXFileReference; fileEncoding = 4; lastKnownFileType = sourcecode.swift; path = STUserDefaults.swift; sourceTree = "<group>"; };
		5339055B1C50BC070071E97D /* STNotification.swift */ = {isa = PBXFileReference; fileEncoding = 4; lastKnownFileType = sourcecode.swift; path = STNotification.swift; sourceTree = "<group>"; };
		533905621C5201130071E97D /* STNetWorkRequestData.swift */ = {isa = PBXFileReference; fileEncoding = 4; lastKnownFileType = sourcecode.swift; path = STNetWorkRequestData.swift; sourceTree = "<group>"; };
		533905671C5205410071E97D /* STUserViewController.swift */ = {isa = PBXFileReference; fileEncoding = 4; lastKnownFileType = sourcecode.swift; path = STUserViewController.swift; sourceTree = "<group>"; };
		533905681C5205410071E97D /* STUserViewController.xib */ = {isa = PBXFileReference; fileEncoding = 4; lastKnownFileType = file.xib; path = STUserViewController.xib; sourceTree = "<group>"; };
		5339056B1C5222400071E97D /* STColor.swift */ = {isa = PBXFileReference; fileEncoding = 4; lastKnownFileType = sourcecode.swift; path = STColor.swift; sourceTree = "<group>"; };
		5339056D1C5237170071E97D /* STUser.swift */ = {isa = PBXFileReference; fileEncoding = 4; lastKnownFileType = sourcecode.swift; path = STUser.swift; sourceTree = "<group>"; };
		53B7FE731C4F453200DFEE14 /* STBasicViewController.swift */ = {isa = PBXFileReference; fileEncoding = 4; lastKnownFileType = sourcecode.swift; path = STBasicViewController.swift; sourceTree = "<group>"; };
		53B7FE771C4F506C00DFEE14 /* STMainViewController.swift */ = {isa = PBXFileReference; fileEncoding = 4; lastKnownFileType = sourcecode.swift; path = STMainViewController.swift; sourceTree = "<group>"; };
		53B7FE781C4F506C00DFEE14 /* STMainViewController.xib */ = {isa = PBXFileReference; fileEncoding = 4; lastKnownFileType = file.xib; path = STMainViewController.xib; sourceTree = "<group>"; };
		53B7FE871C4F665700DFEE14 /* STNetWork.swift */ = {isa = PBXFileReference; fileEncoding = 4; lastKnownFileType = sourcecode.swift; path = STNetWork.swift; sourceTree = "<group>"; };
		9EC7A0D2C5F7035D00469D84 /* Pods.debug.xcconfig */ = {isa = PBXFileReference; includeInIndex = 1; lastKnownFileType = text.xcconfig; name = Pods.debug.xcconfig; path = "Pods/Target Support Files/Pods/Pods.debug.xcconfig"; sourceTree = "<group>"; };
		A9CA539664FA42EF46923E67 /* Pods.framework */ = {isa = PBXFileReference; explicitFileType = wrapper.framework; includeInIndex = 0; path = Pods.framework; sourceTree = BUILT_PRODUCTS_DIR; };
		C90DB204CB76AC42CD3F5DB7 /* Pods_Javis.framework */ = {isa = PBXFileReference; explicitFileType = wrapper.framework; includeInIndex = 0; path = Pods_Javis.framework; sourceTree = BUILT_PRODUCTS_DIR; };
/* End PBXFileReference section */

/* Begin PBXFrameworksBuildPhase section */
		530FDA771C48A0D5004011B2 /* Frameworks */ = {
			isa = PBXFrameworksBuildPhase;
			buildActionMask = 2147483647;
			files = (
				123EA6E629E43D2C6E7C80EF /* Pods.framework in Frameworks */,
			);
			runOnlyForDeploymentPostprocessing = 0;
		};
/* End PBXFrameworksBuildPhase section */

/* Begin PBXGroup section */
		240BD0BB2B3947659F07F22C /* Frameworks */ = {
			isa = PBXGroup;
			children = (
				A9CA539664FA42EF46923E67 /* Pods.framework */,
				C90DB204CB76AC42CD3F5DB7 /* Pods_Javis.framework */,
			);
			name = Frameworks;
			sourceTree = "<group>";
		};
		530FDA711C48A0D5004011B2 = {
			isa = PBXGroup;
			children = (
				530FDA7C1C48A0D5004011B2 /* Javis */,
				530FDA7B1C48A0D5004011B2 /* Products */,
				BD37FAC46CC9951E0111BAA8 /* Pods */,
				240BD0BB2B3947659F07F22C /* Frameworks */,
			);
			sourceTree = "<group>";
		};
		530FDA7B1C48A0D5004011B2 /* Products */ = {
			isa = PBXGroup;
			children = (
				530FDA7A1C48A0D5004011B2 /* Javis.app */,
			);
			name = Products;
			sourceTree = "<group>";
		};
		530FDA7C1C48A0D5004011B2 /* Javis */ = {
			isa = PBXGroup;
			children = (
				5339056F1C5237290071E97D /* Model */,
				530FDA7D1C48A0D5004011B2 /* AppDelegate.swift */,
				53B7FE7C1C4F59BB00DFEE14 /* Utils */,
				53B7FE7B1C4F59A600DFEE14 /* viewcontrollers */,
				533905641C52011C0071E97D /* Service */,
				530FDA841C48A0D5004011B2 /* Assets.xcassets */,
				530FDA861C48A0D5004011B2 /* LaunchScreen.storyboard */,
				530FDA891C48A0D5004011B2 /* Info.plist */,
			);
			path = Javis;
			sourceTree = "<group>";
		};
		533905641C52011C0071E97D /* Service */ = {
			isa = PBXGroup;
			children = (
				530FDAEF1C48C80C004011B2 /* STService.swift */,
				53B7FE871C4F665700DFEE14 /* STNetWork.swift */,
				533905621C5201130071E97D /* STNetWorkRequestData.swift */,
			);
			name = Service;
			sourceTree = "<group>";
		};
		533905651C5205150071E97D /* basic */ = {
			isa = PBXGroup;
			children = (
				53B7FE731C4F453200DFEE14 /* STBasicViewController.swift */,
			);
			name = basic;
			sourceTree = "<group>";
		};
		533905661C52051D0071E97D /* main */ = {
			isa = PBXGroup;
			children = (
				53B7FE771C4F506C00DFEE14 /* STMainViewController.swift */,
				53B7FE781C4F506C00DFEE14 /* STMainViewController.xib */,
				533905671C5205410071E97D /* STUserViewController.swift */,
				533905681C5205410071E97D /* STUserViewController.xib */,
			);
			name = main;
			sourceTree = "<group>";
		};
		5339056F1C5237290071E97D /* Model */ = {
			isa = PBXGroup;
			children = (
				5339056D1C5237170071E97D /* STUser.swift */,
			);
			name = Model;
			sourceTree = "<group>";
		};
		53B7FE7B1C4F59A600DFEE14 /* viewcontrollers */ = {
			isa = PBXGroup;
			children = (
				533905651C5205150071E97D /* basic */,
				533905661C52051D0071E97D /* main */,
			);
			name = viewcontrollers;
			sourceTree = "<group>";
		};
		53B7FE7C1C4F59BB00DFEE14 /* Utils */ = {
			isa = PBXGroup;
			children = (
				533905591C50B8FA0071E97D /* STUserDefaults.swift */,
				5339055B1C50BC070071E97D /* STNotification.swift */,
				5339056B1C5222400071E97D /* STColor.swift */,
			);
			name = Utils;
			sourceTree = "<group>";
		};
		BD37FAC46CC9951E0111BAA8 /* Pods */ = {
			isa = PBXGroup;
			children = (
				9EC7A0D2C5F7035D00469D84 /* Pods.debug.xcconfig */,
				3A1E02C7F3903B001BCD0A10 /* Pods.release.xcconfig */,
			);
			name = Pods;
			sourceTree = "<group>";
		};
/* End PBXGroup section */

/* Begin PBXNativeTarget section */
		530FDA791C48A0D5004011B2 /* Javis */ = {
			isa = PBXNativeTarget;
			buildConfigurationList = 530FDA8C1C48A0D5004011B2 /* Build configuration list for PBXNativeTarget "Javis" */;
			buildPhases = (
				6539C51E1E1F24F1D3B7702E /* Check Pods Manifest.lock */,
				530FDA761C48A0D5004011B2 /* Sources */,
				530FDA771C48A0D5004011B2 /* Frameworks */,
				530FDA781C48A0D5004011B2 /* Resources */,
				E92AC83F0A66FC657FE1DF83 /* Copy Pods Resources */,
				1F2194D2D0C4B1EC29E1C6E1 /* Embed Pods Frameworks */,
			);
			buildRules = (
			);
			dependencies = (
			);
			name = Javis;
			productName = Javis;
			productReference = 530FDA7A1C48A0D5004011B2 /* Javis.app */;
			productType = "com.apple.product-type.application";
		};
/* End PBXNativeTarget section */

/* Begin PBXProject section */
		530FDA721C48A0D5004011B2 /* Project object */ = {
			isa = PBXProject;
			attributes = {
				CLASSPREFIX = ST;
				LastSwiftUpdateCheck = 0720;
				LastUpgradeCheck = 0720;
				ORGANIZATIONNAME = ele.me;
				TargetAttributes = {
					530FDA791C48A0D5004011B2 = {
						CreatedOnToolsVersion = 7.2;
					};
				};
			};
			buildConfigurationList = 530FDA751C48A0D5004011B2 /* Build configuration list for PBXProject "Javis" */;
			compatibilityVersion = "Xcode 3.2";
			developmentRegion = English;
			hasScannedForEncodings = 0;
			knownRegions = (
				en,
				Base,
			);
			mainGroup = 530FDA711C48A0D5004011B2;
			productRefGroup = 530FDA7B1C48A0D5004011B2 /* Products */;
			projectDirPath = "";
			projectRoot = "";
			targets = (
				530FDA791C48A0D5004011B2 /* Javis */,
			);
		};
/* End PBXProject section */

/* Begin PBXResourcesBuildPhase section */
		530FDA781C48A0D5004011B2 /* Resources */ = {
			isa = PBXResourcesBuildPhase;
			buildActionMask = 2147483647;
			files = (
				530FDA881C48A0D5004011B2 /* LaunchScreen.storyboard in Resources */,
				53B7FE7A1C4F506C00DFEE14 /* STMainViewController.xib in Resources */,
				5339056A1C5205410071E97D /* STUserViewController.xib in Resources */,
				530FDA851C48A0D5004011B2 /* Assets.xcassets in Resources */,
			);
			runOnlyForDeploymentPostprocessing = 0;
		};
/* End PBXResourcesBuildPhase section */

/* Begin PBXShellScriptBuildPhase section */
		1F2194D2D0C4B1EC29E1C6E1 /* Embed Pods Frameworks */ = {
			isa = PBXShellScriptBuildPhase;
			buildActionMask = 2147483647;
			files = (
			);
			inputPaths = (
			);
			name = "Embed Pods Frameworks";
			outputPaths = (
			);
			runOnlyForDeploymentPostprocessing = 0;
			shellPath = /bin/sh;
			shellScript = "\"${SRCROOT}/Pods/Target Support Files/Pods/Pods-frameworks.sh\"\n";
			showEnvVarsInLog = 0;
		};
		6539C51E1E1F24F1D3B7702E /* Check Pods Manifest.lock */ = {
			isa = PBXShellScriptBuildPhase;
			buildActionMask = 2147483647;
			files = (
			);
			inputPaths = (
			);
			name = "Check Pods Manifest.lock";
			outputPaths = (
			);
			runOnlyForDeploymentPostprocessing = 0;
			shellPath = /bin/sh;
			shellScript = "diff \"${PODS_ROOT}/../Podfile.lock\" \"${PODS_ROOT}/Manifest.lock\" > /dev/null\nif [[ $? != 0 ]] ; then\n    cat << EOM\nerror: The sandbox is not in sync with the Podfile.lock. Run 'pod install' or update your CocoaPods installation.\nEOM\n    exit 1\nfi\n";
			showEnvVarsInLog = 0;
		};
		E92AC83F0A66FC657FE1DF83 /* Copy Pods Resources */ = {
			isa = PBXShellScriptBuildPhase;
			buildActionMask = 2147483647;
			files = (
			);
			inputPaths = (
			);
			name = "Copy Pods Resources";
			outputPaths = (
			);
			runOnlyForDeploymentPostprocessing = 0;
			shellPath = /bin/sh;
			shellScript = "\"${SRCROOT}/Pods/Target Support Files/Pods/Pods-resources.sh\"\n";
			showEnvVarsInLog = 0;
		};
/* End PBXShellScriptBuildPhase section */

/* Begin PBXSourcesBuildPhase section */
		530FDA761C48A0D5004011B2 /* Sources */ = {
			isa = PBXSourcesBuildPhase;
			buildActionMask = 2147483647;
			files = (
				533905691C5205410071E97D /* STUserViewController.swift in Sources */,
				53B7FE791C4F506C00DFEE14 /* STMainViewController.swift in Sources */,
				533905631C5201130071E97D /* STNetWorkRequestData.swift in Sources */,
				530FDA7E1C48A0D5004011B2 /* AppDelegate.swift in Sources */,
				5339056C1C5222400071E97D /* STColor.swift in Sources */,
				53B7FE881C4F665700DFEE14 /* STNetWork.swift in Sources */,
				5339055C1C50BC070071E97D /* STNotification.swift in Sources */,
				5339055A1C50B8FA0071E97D /* STUserDefaults.swift in Sources */,
				53B7FE741C4F453200DFEE14 /* STBasicViewController.swift in Sources */,
				530FDAF01C48C80C004011B2 /* STService.swift in Sources */,
				5339056E1C5237170071E97D /* STUser.swift in Sources */,
			);
			runOnlyForDeploymentPostprocessing = 0;
		};
/* End PBXSourcesBuildPhase section */

/* Begin PBXVariantGroup section */
		530FDA861C48A0D5004011B2 /* LaunchScreen.storyboard */ = {
			isa = PBXVariantGroup;
			children = (
				530FDA871C48A0D5004011B2 /* Base */,
			);
			name = LaunchScreen.storyboard;
			sourceTree = "<group>";
		};
/* End PBXVariantGroup section */

/* Begin XCBuildConfiguration section */
		530FDA8A1C48A0D5004011B2 /* Debug */ = {
			isa = XCBuildConfiguration;
			buildSettings = {
				ALWAYS_SEARCH_USER_PATHS = NO;
				CLANG_CXX_LANGUAGE_STANDARD = "gnu++0x";
				CLANG_CXX_LIBRARY = "libc++";
				CLANG_ENABLE_MODULES = YES;
				CLANG_ENABLE_OBJC_ARC = YES;
				CLANG_WARN_BOOL_CONVERSION = YES;
				CLANG_WARN_CONSTANT_CONVERSION = YES;
				CLANG_WARN_DIRECT_OBJC_ISA_USAGE = YES_ERROR;
				CLANG_WARN_EMPTY_BODY = YES;
				CLANG_WARN_ENUM_CONVERSION = YES;
				CLANG_WARN_INT_CONVERSION = YES;
				CLANG_WARN_OBJC_ROOT_CLASS = YES_ERROR;
				CLANG_WARN_UNREACHABLE_CODE = YES;
				CLANG_WARN__DUPLICATE_METHOD_MATCH = YES;
				"CODE_SIGN_IDENTITY[sdk=iphoneos*]" = "iPhone Developer";
				COPY_PHASE_STRIP = NO;
				DEBUG_INFORMATION_FORMAT = dwarf;
				ENABLE_STRICT_OBJC_MSGSEND = YES;
				ENABLE_TESTABILITY = YES;
				GCC_C_LANGUAGE_STANDARD = gnu99;
				GCC_DYNAMIC_NO_PIC = NO;
				GCC_NO_COMMON_BLOCKS = YES;
				GCC_OPTIMIZATION_LEVEL = 0;
				GCC_PREPROCESSOR_DEFINITIONS = (
					"DEBUG=1",
					"$(inherited)",
				);
				GCC_WARN_64_TO_32_BIT_CONVERSION = YES;
				GCC_WARN_ABOUT_RETURN_TYPE = YES_ERROR;
				GCC_WARN_UNDECLARED_SELECTOR = YES;
				GCC_WARN_UNINITIALIZED_AUTOS = YES_AGGRESSIVE;
				GCC_WARN_UNUSED_FUNCTION = YES;
				GCC_WARN_UNUSED_VARIABLE = YES;
				IPHONEOS_DEPLOYMENT_TARGET = 9.2;
				MTL_ENABLE_DEBUG_INFO = YES;
				ONLY_ACTIVE_ARCH = YES;
				SDKROOT = iphoneos;
				SWIFT_OPTIMIZATION_LEVEL = "-Onone";
			};
			name = Debug;
		};
		530FDA8B1C48A0D5004011B2 /* Release */ = {
			isa = XCBuildConfiguration;
			buildSettings = {
				ALWAYS_SEARCH_USER_PATHS = NO;
				CLANG_CXX_LANGUAGE_STANDARD = "gnu++0x";
				CLANG_CXX_LIBRARY = "libc++";
				CLANG_ENABLE_MODULES = YES;
				CLANG_ENABLE_OBJC_ARC = YES;
				CLANG_WARN_BOOL_CONVERSION = YES;
				CLANG_WARN_CONSTANT_CONVERSION = YES;
				CLANG_WARN_DIRECT_OBJC_ISA_USAGE = YES_ERROR;
				CLANG_WARN_EMPTY_BODY = YES;
				CLANG_WARN_ENUM_CONVERSION = YES;
				CLANG_WARN_INT_CONVERSION = YES;
				CLANG_WARN_OBJC_ROOT_CLASS = YES_ERROR;
				CLANG_WARN_UNREACHABLE_CODE = YES;
				CLANG_WARN__DUPLICATE_METHOD_MATCH = YES;
				"CODE_SIGN_IDENTITY[sdk=iphoneos*]" = "iPhone Developer";
				COPY_PHASE_STRIP = NO;
				DEBUG_INFORMATION_FORMAT = "dwarf-with-dsym";
				ENABLE_NS_ASSERTIONS = NO;
				ENABLE_STRICT_OBJC_MSGSEND = YES;
				GCC_C_LANGUAGE_STANDARD = gnu99;
				GCC_NO_COMMON_BLOCKS = YES;
				GCC_WARN_64_TO_32_BIT_CONVERSION = YES;
				GCC_WARN_ABOUT_RETURN_TYPE = YES_ERROR;
				GCC_WARN_UNDECLARED_SELECTOR = YES;
				GCC_WARN_UNINITIALIZED_AUTOS = YES_AGGRESSIVE;
				GCC_WARN_UNUSED_FUNCTION = YES;
				GCC_WARN_UNUSED_VARIABLE = YES;
				IPHONEOS_DEPLOYMENT_TARGET = 9.2;
				MTL_ENABLE_DEBUG_INFO = NO;
				SDKROOT = iphoneos;
				VALIDATE_PRODUCT = YES;
			};
			name = Release;
		};
		530FDA8D1C48A0D5004011B2 /* Debug */ = {
			isa = XCBuildConfiguration;
			baseConfigurationReference = 9EC7A0D2C5F7035D00469D84 /* Pods.debug.xcconfig */;
			buildSettings = {
				ASSETCATALOG_COMPILER_APPICON_NAME = AppIcon;
				CLANG_ENABLE_MODULES = YES;
				FRAMEWORK_SEARCH_PATHS = (
					"$(inherited)",
					"$(PROJECT_DIR)",
				);
				INFOPLIST_FILE = Javis/Info.plist;
				IPHONEOS_DEPLOYMENT_TARGET = 9.0;
				LD_RUNPATH_SEARCH_PATHS = "$(inherited) @executable_path/Frameworks";
				PRODUCT_BUNDLE_IDENTIFIER = me.ele.stephenw.Javis;
				PRODUCT_NAME = "$(TARGET_NAME)";
				SWIFT_OBJC_BRIDGING_HEADER = "";
				SWIFT_OPTIMIZATION_LEVEL = "-Onone";
			};
			name = Debug;
		};
		530FDA8E1C48A0D5004011B2 /* Release */ = {
			isa = XCBuildConfiguration;
			baseConfigurationReference = 3A1E02C7F3903B001BCD0A10 /* Pods.release.xcconfig */;
			buildSettings = {
				ASSETCATALOG_COMPILER_APPICON_NAME = AppIcon;
				CLANG_ENABLE_MODULES = YES;
				FRAMEWORK_SEARCH_PATHS = (
					"$(inherited)",
					"$(PROJECT_DIR)",
				);
				INFOPLIST_FILE = Javis/Info.plist;
				IPHONEOS_DEPLOYMENT_TARGET = 9.0;
				LD_RUNPATH_SEARCH_PATHS = "$(inherited) @executable_path/Frameworks";
				PRODUCT_BUNDLE_IDENTIFIER = me.ele.stephenw.Javis;
				PRODUCT_NAME = "$(TARGET_NAME)";
				SWIFT_OBJC_BRIDGING_HEADER = "";
			};
			name = Release;
		};
/* End XCBuildConfiguration section */

/* Begin XCConfigurationList section */
		530FDA751C48A0D5004011B2 /* Build configuration list for PBXProject "Javis" */ = {
			isa = XCConfigurationList;
			buildConfigurations = (
				530FDA8A1C48A0D5004011B2 /* Debug */,
				530FDA8B1C48A0D5004011B2 /* Release */,
			);
			defaultConfigurationIsVisible = 0;
			defaultConfigurationName = Release;
		};
		530FDA8C1C48A0D5004011B2 /* Build configuration list for PBXNativeTarget "Javis" */ = {
			isa = XCConfigurationList;
			buildConfigurations = (
				530FDA8D1C48A0D5004011B2 /* Debug */,
				530FDA8E1C48A0D5004011B2 /* Release */,
			);
			defaultConfigurationIsVisible = 0;
			defaultConfigurationName = Release;
		};
/* End XCConfigurationList section */
	};
	rootObject = 530FDA721C48A0D5004011B2 /* Project object */;
}
